// !$*UTF8*$!
{
	archiveVersion = 1;
	classes = {
	};
	objectVersion = 46;
	objects = {

/* Begin PBXBuildFile section */
		C9577E9B193ADEA800FCAC57 /* NSString+OCDPathUtilities.m in Sources */ = {isa = PBXBuildFile; fileRef = C9577E9A193ADEA800FCAC57 /* NSString+OCDPathUtilities.m */; };
		C9577E9C193AE25500FCAC57 /* NSString+OCDPathUtilities.m in Sources */ = {isa = PBXBuildFile; fileRef = C9577E9A193ADEA800FCAC57 /* NSString+OCDPathUtilities.m */; };
		C96194C51928E6AE00BDBD7C /* Foundation.framework in Frameworks */ = {isa = PBXBuildFile; fileRef = C96194B41928E57700BDBD7C /* Foundation.framework */; };
		C96194C81928E6AE00BDBD7C /* main.m in Sources */ = {isa = PBXBuildFile; fileRef = C96194C71928E6AE00BDBD7C /* main.m */; };
		C96194D11928EDD800BDBD7C /* ObjectDoc.framework in Frameworks */ = {isa = PBXBuildFile; fileRef = C96194D01928EDD800BDBD7C /* ObjectDoc.framework */; };
		C96194D61928F01E00BDBD7C /* ObjectDoc.framework in Copy Frameworks */ = {isa = PBXBuildFile; fileRef = C96194D01928EDD800BDBD7C /* ObjectDoc.framework */; };
		C96194DD19291D0C00BDBD7C /* XCTest.framework in Frameworks */ = {isa = PBXBuildFile; fileRef = C96194DC19291D0C00BDBD7C /* XCTest.framework */; };
		C96194E519291D0C00BDBD7C /* OCDiffTests.m in Sources */ = {isa = PBXBuildFile; fileRef = C96194E419291D0C00BDBD7C /* OCDiffTests.m */; };
		C96194EE19293B1600BDBD7C /* OCDAPIComparator.m in Sources */ = {isa = PBXBuildFile; fileRef = C96194ED19293B1600BDBD7C /* OCDAPIComparator.m */; };
		C96194F119293B2D00BDBD7C /* OCDifference.m in Sources */ = {isa = PBXBuildFile; fileRef = C96194F019293B2D00BDBD7C /* OCDifference.m */; };
		C9619532192945E000BDBD7C /* OCDAPIComparator.m in Sources */ = {isa = PBXBuildFile; fileRef = C96194ED19293B1600BDBD7C /* OCDAPIComparator.m */; };
		C96195351929460000BDBD7C /* ObjectDoc.framework in Frameworks */ = {isa = PBXBuildFile; fileRef = C96194D01928EDD800BDBD7C /* ObjectDoc.framework */; };
		C96195361929485B00BDBD7C /* OCDifference.m in Sources */ = {isa = PBXBuildFile; fileRef = C96194F019293B2D00BDBD7C /* OCDifference.m */; };
		C961953B1929625100BDBD7C /* OCDModification.m in Sources */ = {isa = PBXBuildFile; fileRef = C961953A1929625100BDBD7C /* OCDModification.m */; };
		C961953C1929655200BDBD7C /* OCDModification.m in Sources */ = {isa = PBXBuildFile; fileRef = C961953A1929625100BDBD7C /* OCDModification.m */; };
		C9E1BA6A192F872600680085 /* OCDHTMLReportGenerator.m in Sources */ = {isa = PBXBuildFile; fileRef = C9E1BA69192F872600680085 /* OCDHTMLReportGenerator.m */; };
		C9E1BA73193402F500680085 /* OCDTextReportGenerator.m in Sources */ = {isa = PBXBuildFile; fileRef = C9E1BA72193402F500680085 /* OCDTextReportGenerator.m */; };
		C9E1BA76193405DA00680085 /* OCDXMLReportGenerator.m in Sources */ = {isa = PBXBuildFile; fileRef = C9E1BA75193405DA00680085 /* OCDXMLReportGenerator.m */; };
/* End PBXBuildFile section */

/* Begin PBXContainerItemProxy section */
		C9619533192945FB00BDBD7C /* PBXContainerItemProxy */ = {
			isa = PBXContainerItemProxy;
			containerPortal = C96194A71928E56500BDBD7C /* Project object */;
			proxyType = 1;
			remoteGlobalIDString = C96194C31928E6AE00BDBD7C;
			remoteInfo = OCDiff;
		};
/* End PBXContainerItemProxy section */

/* Begin PBXCopyFilesBuildPhase section */
		C96194D51928F01400BDBD7C /* Copy Frameworks */ = {
			isa = PBXCopyFilesBuildPhase;
			buildActionMask = 2147483647;
			dstPath = "";
			dstSubfolderSpec = 10;
			files = (
				C96194D61928F01E00BDBD7C /* ObjectDoc.framework in Copy Frameworks */,
			);
			name = "Copy Frameworks";
			runOnlyForDeploymentPostprocessing = 0;
		};
/* End PBXCopyFilesBuildPhase section */

/* Begin PBXFileReference section */
		C934DFCF193A20D50073B1B6 /* apidiff.css */ = {isa = PBXFileReference; lastKnownFileType = text.css; path = apidiff.css; sourceTree = "<group>"; };
		C934DFD0193A2E990073B1B6 /* OCDReportGenerator.h */ = {isa = PBXFileReference; fileEncoding = 4; lastKnownFileType = sourcecode.c.h; path = OCDReportGenerator.h; sourceTree = "<group>"; };
		C9577E99193ADEA800FCAC57 /* NSString+OCDPathUtilities.h */ = {isa = PBXFileReference; fileEncoding = 4; lastKnownFileType = sourcecode.c.h; path = "NSString+OCDPathUtilities.h"; sourceTree = "<group>"; };
		C9577E9A193ADEA800FCAC57 /* NSString+OCDPathUtilities.m */ = {isa = PBXFileReference; fileEncoding = 4; lastKnownFileType = sourcecode.c.objc; path = "NSString+OCDPathUtilities.m"; sourceTree = "<group>"; };
		C96194B41928E57700BDBD7C /* Foundation.framework */ = {isa = PBXFileReference; lastKnownFileType = wrapper.framework; name = Foundation.framework; path = System/Library/Frameworks/Foundation.framework; sourceTree = SDKROOT; };
		C96194C41928E6AE00BDBD7C /* ocdiff */ = {isa = PBXFileReference; explicitFileType = "compiled.mach-o.executable"; includeInIndex = 0; path = ocdiff; sourceTree = BUILT_PRODUCTS_DIR; };
		C96194C71928E6AE00BDBD7C /* main.m */ = {isa = PBXFileReference; lastKnownFileType = sourcecode.c.objc; path = main.m; sourceTree = "<group>"; };
		C96194D01928EDD800BDBD7C /* ObjectDoc.framework */ = {isa = PBXFileReference; lastKnownFileType = wrapper.framework; name = ObjectDoc.framework; path = Dependencies/ObjectDoc.framework; sourceTree = "<group>"; };
		C96194DB19291D0C00BDBD7C /* OCDiffTests.xctest */ = {isa = PBXFileReference; explicitFileType = wrapper.cfbundle; includeInIndex = 0; path = OCDiffTests.xctest; sourceTree = BUILT_PRODUCTS_DIR; };
		C96194DC19291D0C00BDBD7C /* XCTest.framework */ = {isa = PBXFileReference; lastKnownFileType = wrapper.framework; name = XCTest.framework; path = Library/Frameworks/XCTest.framework; sourceTree = DEVELOPER_DIR; };
		C96194E019291D0C00BDBD7C /* OCDiffTests-Info.plist */ = {isa = PBXFileReference; lastKnownFileType = text.plist.xml; path = "OCDiffTests-Info.plist"; sourceTree = "<group>"; };
		C96194E419291D0C00BDBD7C /* OCDiffTests.m */ = {isa = PBXFileReference; lastKnownFileType = sourcecode.c.objc; path = OCDiffTests.m; sourceTree = "<group>"; };
		C96194EC19293B1600BDBD7C /* OCDAPIComparator.h */ = {isa = PBXFileReference; fileEncoding = 4; lastKnownFileType = sourcecode.c.h; path = OCDAPIComparator.h; sourceTree = "<group>"; };
		C96194ED19293B1600BDBD7C /* OCDAPIComparator.m */ = {isa = PBXFileReference; fileEncoding = 4; lastKnownFileType = sourcecode.c.objc; path = OCDAPIComparator.m; sourceTree = "<group>"; };
		C96194EF19293B2D00BDBD7C /* OCDifference.h */ = {isa = PBXFileReference; fileEncoding = 4; lastKnownFileType = sourcecode.c.h; path = OCDifference.h; sourceTree = "<group>"; };
		C96194F019293B2D00BDBD7C /* OCDifference.m */ = {isa = PBXFileReference; fileEncoding = 4; lastKnownFileType = sourcecode.c.objc; path = OCDifference.m; sourceTree = "<group>"; };
		C96195391929625100BDBD7C /* OCDModification.h */ = {isa = PBXFileReference; fileEncoding = 4; lastKnownFileType = sourcecode.c.h; path = OCDModification.h; sourceTree = "<group>"; };
		C961953A1929625100BDBD7C /* OCDModification.m */ = {isa = PBXFileReference; fileEncoding = 4; lastKnownFileType = sourcecode.c.objc; path = OCDModification.m; sourceTree = "<group>"; };
		C9E1BA68192F872600680085 /* OCDHTMLReportGenerator.h */ = {isa = PBXFileReference; fileEncoding = 4; lastKnownFileType = sourcecode.c.h; path = OCDHTMLReportGenerator.h; sourceTree = "<group>"; };
		C9E1BA69192F872600680085 /* OCDHTMLReportGenerator.m */ = {isa = PBXFileReference; fileEncoding = 4; lastKnownFileType = sourcecode.c.objc; path = OCDHTMLReportGenerator.m; sourceTree = "<group>"; };
		C9E1BA71193402F500680085 /* OCDTextReportGenerator.h */ = {isa = PBXFileReference; fileEncoding = 4; lastKnownFileType = sourcecode.c.h; path = OCDTextReportGenerator.h; sourceTree = "<group>"; };
		C9E1BA72193402F500680085 /* OCDTextReportGenerator.m */ = {isa = PBXFileReference; fileEncoding = 4; lastKnownFileType = sourcecode.c.objc; path = OCDTextReportGenerator.m; sourceTree = "<group>"; };
		C9E1BA74193405DA00680085 /* OCDXMLReportGenerator.h */ = {isa = PBXFileReference; fileEncoding = 4; lastKnownFileType = sourcecode.c.h; path = OCDXMLReportGenerator.h; sourceTree = "<group>"; };
		C9E1BA75193405DA00680085 /* OCDXMLReportGenerator.m */ = {isa = PBXFileReference; fileEncoding = 4; lastKnownFileType = sourcecode.c.objc; path = OCDXMLReportGenerator.m; sourceTree = "<group>"; };
/* End PBXFileReference section */

/* Begin PBXFrameworksBuildPhase section */
		C96194C11928E6AE00BDBD7C /* Frameworks */ = {
			isa = PBXFrameworksBuildPhase;
			buildActionMask = 2147483647;
			files = (
				C96194D11928EDD800BDBD7C /* ObjectDoc.framework in Frameworks */,
				C96194C51928E6AE00BDBD7C /* Foundation.framework in Frameworks */,
			);
			runOnlyForDeploymentPostprocessing = 0;
		};
		C96194D819291D0C00BDBD7C /* Frameworks */ = {
			isa = PBXFrameworksBuildPhase;
			buildActionMask = 2147483647;
			files = (
				C96194DD19291D0C00BDBD7C /* XCTest.framework in Frameworks */,
				C96195351929460000BDBD7C /* ObjectDoc.framework in Frameworks */,
			);
			runOnlyForDeploymentPostprocessing = 0;
		};
/* End PBXFrameworksBuildPhase section */

/* Begin PBXGroup section */
		C934DFCE193A20C40073B1B6 /* Supporting Files */ = {
			isa = PBXGroup;
			children = (
				C934DFCF193A20D50073B1B6 /* apidiff.css */,
			);
			name = "Supporting Files";
			sourceTree = "<group>";
		};
		C96194A61928E56500BDBD7C = {
			isa = PBXGroup;
			children = (
				C96194C61928E6AE00BDBD7C /* OCDiff */,
				C96194DE19291D0C00BDBD7C /* OCDiffTests */,
				C96194B31928E57700BDBD7C /* Frameworks */,
				C96194B21928E57700BDBD7C /* Products */,
			);
			indentWidth = 4;
			sourceTree = "<group>";
			tabWidth = 4;
			usesTabs = 0;
		};
		C96194B21928E57700BDBD7C /* Products */ = {
			isa = PBXGroup;
			children = (
				C96194C41928E6AE00BDBD7C /* ocdiff */,
				C96194DB19291D0C00BDBD7C /* OCDiffTests.xctest */,
			);
			name = Products;
			sourceTree = "<group>";
		};
		C96194B31928E57700BDBD7C /* Frameworks */ = {
			isa = PBXGroup;
			children = (
				C96194D01928EDD800BDBD7C /* ObjectDoc.framework */,
				C96194B41928E57700BDBD7C /* Foundation.framework */,
				C96194DC19291D0C00BDBD7C /* XCTest.framework */,
			);
			name = Frameworks;
			sourceTree = "<group>";
		};
		C96194C61928E6AE00BDBD7C /* OCDiff */ = {
			isa = PBXGroup;
			children = (
				C96194C71928E6AE00BDBD7C /* main.m */,
				C9577E99193ADEA800FCAC57 /* NSString+OCDPathUtilities.h */,
				C9577E9A193ADEA800FCAC57 /* NSString+OCDPathUtilities.m */,
				C96194EC19293B1600BDBD7C /* OCDAPIComparator.h */,
				C96194ED19293B1600BDBD7C /* OCDAPIComparator.m */,
				C9E1BA68192F872600680085 /* OCDHTMLReportGenerator.h */,
				C9E1BA69192F872600680085 /* OCDHTMLReportGenerator.m */,
				C96194EF19293B2D00BDBD7C /* OCDifference.h */,
				C96194F019293B2D00BDBD7C /* OCDifference.m */,
				C96195391929625100BDBD7C /* OCDModification.h */,
				C961953A1929625100BDBD7C /* OCDModification.m */,
				C934DFD0193A2E990073B1B6 /* OCDReportGenerator.h */,
				C9E1BA71193402F500680085 /* OCDTextReportGenerator.h */,
				C9E1BA72193402F500680085 /* OCDTextReportGenerator.m */,
				C9E1BA74193405DA00680085 /* OCDXMLReportGenerator.h */,
				C9E1BA75193405DA00680085 /* OCDXMLReportGenerator.m */,
				C934DFCE193A20C40073B1B6 /* Supporting Files */,
			);
			path = OCDiff;
			sourceTree = "<group>";
		};
		C96194DE19291D0C00BDBD7C /* OCDiffTests */ = {
			isa = PBXGroup;
			children = (
				C96194E419291D0C00BDBD7C /* OCDiffTests.m */,
				C96194DF19291D0C00BDBD7C /* Supporting Files */,
			);
			path = OCDiffTests;
			sourceTree = "<group>";
		};
		C96194DF19291D0C00BDBD7C /* Supporting Files */ = {
			isa = PBXGroup;
			children = (
				C96194E019291D0C00BDBD7C /* OCDiffTests-Info.plist */,
			);
			name = "Supporting Files";
			sourceTree = "<group>";
		};
/* End PBXGroup section */

/* Begin PBXNativeTarget section */
		C96194C31928E6AE00BDBD7C /* OCDiff */ = {
			isa = PBXNativeTarget;
			buildConfigurationList = C96194CD1928E6AE00BDBD7C /* Build configuration list for PBXNativeTarget "OCDiff" */;
			buildPhases = (
				C96194D51928F01400BDBD7C /* Copy Frameworks */,
				C96194C01928E6AE00BDBD7C /* Sources */,
				C96194C11928E6AE00BDBD7C /* Frameworks */,
			);
			buildRules = (
			);
			dependencies = (
			);
			name = OCDiff;
			productName = OCDiff;
			productReference = C96194C41928E6AE00BDBD7C /* ocdiff */;
			productType = "com.apple.product-type.tool";
		};
		C96194DA19291D0C00BDBD7C /* OCDiffTests */ = {
			isa = PBXNativeTarget;
			buildConfigurationList = C96194E919291D0C00BDBD7C /* Build configuration list for PBXNativeTarget "OCDiffTests" */;
			buildPhases = (
				C96194D719291D0C00BDBD7C /* Sources */,
				C96194D819291D0C00BDBD7C /* Frameworks */,
				C96194D919291D0C00BDBD7C /* Resources */,
			);
			buildRules = (
			);
			dependencies = (
				C9619534192945FB00BDBD7C /* PBXTargetDependency */,
			);
			name = OCDiffTests;
			productName = OCDiffTests;
			productReference = C96194DB19291D0C00BDBD7C /* OCDiffTests.xctest */;
			productType = "com.apple.product-type.bundle.unit-test";
		};
/* End PBXNativeTarget section */

/* Begin PBXProject section */
		C96194A71928E56500BDBD7C /* Project object */ = {
			isa = PBXProject;
			attributes = {
				CLASSPREFIX = OCD;
				LastUpgradeCheck = 0510;
				TargetAttributes = {
					C96194DA19291D0C00BDBD7C = {
						TestTargetID = C96194C31928E6AE00BDBD7C;
					};
				};
			};
			buildConfigurationList = C96194AA1928E56500BDBD7C /* Build configuration list for PBXProject "OCDiff" */;
			compatibilityVersion = "Xcode 3.2";
			developmentRegion = English;
			hasScannedForEncodings = 0;
			knownRegions = (
				en,
			);
			mainGroup = C96194A61928E56500BDBD7C;
			productRefGroup = C96194B21928E57700BDBD7C /* Products */;
			projectDirPath = "";
			projectRoot = "";
			targets = (
				C96194C31928E6AE00BDBD7C /* OCDiff */,
				C96194DA19291D0C00BDBD7C /* OCDiffTests */,
			);
		};
/* End PBXProject section */

/* Begin PBXResourcesBuildPhase section */
		C96194D919291D0C00BDBD7C /* Resources */ = {
			isa = PBXResourcesBuildPhase;
			buildActionMask = 2147483647;
			files = (
			);
			runOnlyForDeploymentPostprocessing = 0;
		};
/* End PBXResourcesBuildPhase section */

/* Begin PBXSourcesBuildPhase section */
		C96194C01928E6AE00BDBD7C /* Sources */ = {
			isa = PBXSourcesBuildPhase;
			buildActionMask = 2147483647;
			files = (
				C9577E9B193ADEA800FCAC57 /* NSString+OCDPathUtilities.m in Sources */,
				C961953B1929625100BDBD7C /* OCDModification.m in Sources */,
				C96194F119293B2D00BDBD7C /* OCDifference.m in Sources */,
				C9E1BA6A192F872600680085 /* OCDHTMLReportGenerator.m in Sources */,
				C9E1BA76193405DA00680085 /* OCDXMLReportGenerator.m in Sources */,
				C9E1BA73193402F500680085 /* OCDTextReportGenerator.m in Sources */,
				C96194C81928E6AE00BDBD7C /* main.m in Sources */,
				C96194EE19293B1600BDBD7C /* OCDAPIComparator.m in Sources */,
			);
			runOnlyForDeploymentPostprocessing = 0;
		};
		C96194D719291D0C00BDBD7C /* Sources */ = {
			isa = PBXSourcesBuildPhase;
			buildActionMask = 2147483647;
			files = (
				C9577E9C193AE25500FCAC57 /* NSString+OCDPathUtilities.m in Sources */,
				C961953C1929655200BDBD7C /* OCDModification.m in Sources */,
				C96195361929485B00BDBD7C /* OCDifference.m in Sources */,
				C96194E519291D0C00BDBD7C /* OCDiffTests.m in Sources */,
				C9619532192945E000BDBD7C /* OCDAPIComparator.m in Sources */,
			);
			runOnlyForDeploymentPostprocessing = 0;
		};
/* End PBXSourcesBuildPhase section */

/* Begin PBXTargetDependency section */
		C9619534192945FB00BDBD7C /* PBXTargetDependency */ = {
			isa = PBXTargetDependency;
			target = C96194C31928E6AE00BDBD7C /* OCDiff */;
			targetProxy = C9619533192945FB00BDBD7C /* PBXContainerItemProxy */;
		};
/* End PBXTargetDependency section */

/* Begin XCBuildConfiguration section */
		C96194AB1928E56500BDBD7C /* Debug */ = {
			isa = XCBuildConfiguration;
			buildSettings = {
				ALWAYS_SEARCH_USER_PATHS = NO;
				CLANG_ENABLE_MODULES = YES;
				CLANG_ENABLE_OBJC_ARC = YES;
				CLANG_WARN_DEPRECATED_OBJC_IMPLEMENTATIONS = YES;
				CLANG_WARN_DOCUMENTATION_COMMENTS = YES;
				CLANG_WARN_EMPTY_BODY = YES;
				CLANG_WARN_IMPLICIT_SIGN_CONVERSION = YES;
				CLANG_WARN_SUSPICIOUS_IMPLICIT_CONVERSION = YES;
				CLANG_WARN__DUPLICATE_METHOD_MATCH = YES;
				DEBUG_INFORMATION_FORMAT = dwarf;
				FRAMEWORK_SEARCH_PATHS = "$(PROJECT_DIR)/Dependencies";
				GCC_OPTIMIZATION_LEVEL = 0;
				GCC_TREAT_WARNINGS_AS_ERRORS = YES;
				GCC_WARN_64_TO_32_BIT_CONVERSION = YES;
				GCC_WARN_ABOUT_RETURN_TYPE = YES;
				GCC_WARN_SHADOW = YES;
				GCC_WARN_SIGN_COMPARE = YES;
				GCC_WARN_UNDECLARED_SELECTOR = YES;
				GCC_WARN_UNINITIALIZED_AUTOS = YES_AGGRESSIVE;
				GCC_WARN_UNUSED_FUNCTION = YES;
				GCC_WARN_UNUSED_VARIABLE = YES;
				ONLY_ACTIVE_ARCH = YES;
				OTHER_LDFLAGS = (
					"-Xlinker",
					"-fatal_warnings",
				);
				SDKROOT = macosx;
				WARNING_CFLAGS = (
					"-Wall",
					"-Wextra",
					"-Wno-unused-parameter",
				);
			};
			name = Debug;
		};
		C96194AC1928E56500BDBD7C /* Release */ = {
			isa = XCBuildConfiguration;
			buildSettings = {
				ALWAYS_SEARCH_USER_PATHS = NO;
				CLANG_ENABLE_MODULES = YES;
				CLANG_ENABLE_OBJC_ARC = YES;
				CLANG_WARN_DEPRECATED_OBJC_IMPLEMENTATIONS = YES;
				CLANG_WARN_DOCUMENTATION_COMMENTS = YES;
				CLANG_WARN_EMPTY_BODY = YES;
				CLANG_WARN_IMPLICIT_SIGN_CONVERSION = YES;
				CLANG_WARN_SUSPICIOUS_IMPLICIT_CONVERSION = YES;
				CLANG_WARN__DUPLICATE_METHOD_MATCH = YES;
				DEBUG_INFORMATION_FORMAT = "dwarf-with-dsym";
				FRAMEWORK_SEARCH_PATHS = "$(PROJECT_DIR)/Dependencies";
				GCC_TREAT_WARNINGS_AS_ERRORS = YES;
				GCC_WARN_64_TO_32_BIT_CONVERSION = YES;
				GCC_WARN_ABOUT_RETURN_TYPE = YES;
				GCC_WARN_SHADOW = YES;
				GCC_WARN_SIGN_COMPARE = YES;
				GCC_WARN_UNDECLARED_SELECTOR = YES;
				GCC_WARN_UNINITIALIZED_AUTOS = YES_AGGRESSIVE;
				GCC_WARN_UNUSED_FUNCTION = YES;
				GCC_WARN_UNUSED_VARIABLE = YES;
				OTHER_LDFLAGS = (
					"-Xlinker",
					"-fatal_warnings",
				);
				SDKROOT = macosx;
				WARNING_CFLAGS = (
					"-Wall",
					"-Wextra",
					"-Wno-unused-parameter",
				);
			};
			name = Release;
		};
		C96194CE1928E6AE00BDBD7C /* Debug */ = {
			isa = XCBuildConfiguration;
			buildSettings = {
				LD_RUNPATH_SEARCH_PATHS = "@executable_path/";
				OTHER_LDFLAGS = (
					"-Xlinker",
					"-fatal_warnings",
					"-sectcreate",
					__TEXT,
					apidiff.css,
					"$(PROJECT_DIR)/OCDiff/apidiff.css",
				);
				PRODUCT_NAME = ocdiff;
			};
			name = Debug;
		};
		C96194CF1928E6AE00BDBD7C /* Release */ = {
			isa = XCBuildConfiguration;
			buildSettings = {
				LD_RUNPATH_SEARCH_PATHS = "@executable_path/";
				OTHER_LDFLAGS = (
					"-Xlinker",
					"-fatal_warnings",
					"-sectcreate",
					__TEXT,
					apidiff.css,
					"$(PROJECT_DIR)/OCDiff/apidiff.css",
				);
				PRODUCT_NAME = ocdiff;
			};
			name = Release;
		};
		C96194EA19291D0C00BDBD7C /* Debug */ = {
			isa = XCBuildConfiguration;
			buildSettings = {
				FRAMEWORK_SEARCH_PATHS = (
					"$(DEVELOPER_FRAMEWORKS_DIR)",
					"$(inherited)",
					"$(PROJECT_DIR)/Dependencies",
				);
				INFOPLIST_FILE = "OCDiffTests/OCDiffTests-Info.plist";
				PRODUCT_NAME = "$(TARGET_NAME)";
				WRAPPER_EXTENSION = xctest;
			};
			name = Debug;
		};
		C96194EB19291D0C00BDBD7C /* Release */ = {
			isa = XCBuildConfiguration;
			buildSettings = {
				FRAMEWORK_SEARCH_PATHS = (
					"$(DEVELOPER_FRAMEWORKS_DIR)",
					"$(inherited)",
					"$(PROJECT_DIR)/Dependencies",
				);
				INFOPLIST_FILE = "OCDiffTests/OCDiffTests-Info.plist";
				PRODUCT_NAME = "$(TARGET_NAME)";
				WRAPPER_EXTENSION = xctest;
			};
			name = Release;
		};
/* End XCBuildConfiguration section */

/* Begin XCConfigurationList section */
		C96194AA1928E56500BDBD7C /* Build configuration list for PBXProject "OCDiff" */ = {
			isa = XCConfigurationList;
			buildConfigurations = (
				C96194AB1928E56500BDBD7C /* Debug */,
				C96194AC1928E56500BDBD7C /* Release */,
			);
			defaultConfigurationIsVisible = 0;
			defaultConfigurationName = Release;
		};
		C96194CD1928E6AE00BDBD7C /* Build configuration list for PBXNativeTarget "OCDiff" */ = {
			isa = XCConfigurationList;
			buildConfigurations = (
				C96194CE1928E6AE00BDBD7C /* Debug */,
				C96194CF1928E6AE00BDBD7C /* Release */,
			);
			defaultConfigurationIsVisible = 0;
			defaultConfigurationName = Release;
		};
		C96194E919291D0C00BDBD7C /* Build configuration list for PBXNativeTarget "OCDiffTests" */ = {
			isa = XCConfigurationList;
			buildConfigurations = (
				C96194EA19291D0C00BDBD7C /* Debug */,
				C96194EB19291D0C00BDBD7C /* Release */,
			);
			defaultConfigurationIsVisible = 0;
			defaultConfigurationName = Release;
		};
/* End XCConfigurationList section */
	};
	rootObject = C96194A71928E56500BDBD7C /* Project object */;
}
